// !$*UTF8*$!
{
	archiveVersion = 1;
	classes = {
	};
	objectVersion = 50;
	objects = {

/* Begin PBXBuildFile section */
		F09CF54423F6394D00E6D312 /* AppDelegate.swift in Sources */ = {isa = PBXBuildFile; fileRef = F09CF54323F6394D00E6D312 /* AppDelegate.swift */; };
		F09CF54623F6394D00E6D312 /* SceneDelegate.swift in Sources */ = {isa = PBXBuildFile; fileRef = F09CF54523F6394D00E6D312 /* SceneDelegate.swift */; };
		F09CF54823F6394D00E6D312 /* ViewController.swift in Sources */ = {isa = PBXBuildFile; fileRef = F09CF54723F6394D00E6D312 /* ViewController.swift */; };
		F09CF54B23F6394D00E6D312 /* Main.storyboard in Resources */ = {isa = PBXBuildFile; fileRef = F09CF54923F6394D00E6D312 /* Main.storyboard */; };
		F09CF54D23F6394F00E6D312 /* Assets.xcassets in Resources */ = {isa = PBXBuildFile; fileRef = F09CF54C23F6394F00E6D312 /* Assets.xcassets */; };
		F09CF55023F6394F00E6D312 /* LaunchScreen.storyboard in Resources */ = {isa = PBXBuildFile; fileRef = F09CF54E23F6394F00E6D312 /* LaunchScreen.storyboard */; };
/* End PBXBuildFile section */

/* Begin PBXFileReference section */
		F09CF54023F6394D00E6D312 /* mvvmtest-bevis.app */ = {isa = PBXFileReference; explicitFileType = wrapper.application; includeInIndex = 0; path = "mvvmtest-bevis.app"; sourceTree = BUILT_PRODUCTS_DIR; };
		F09CF54323F6394D00E6D312 /* AppDelegate.swift */ = {isa = PBXFileReference; lastKnownFileType = sourcecode.swift; path = AppDelegate.swift; sourceTree = "<group>"; };
		F09CF54523F6394D00E6D312 /* SceneDelegate.swift */ = {isa = PBXFileReference; lastKnownFileType = sourcecode.swift; path = SceneDelegate.swift; sourceTree = "<group>"; };
		F09CF54723F6394D00E6D312 /* ViewController.swift */ = {isa = PBXFileReference; lastKnownFileType = sourcecode.swift; path = ViewController.swift; sourceTree = "<group>"; };
		F09CF54A23F6394D00E6D312 /* Base */ = {isa = PBXFileReference; lastKnownFileType = file.storyboard; name = Base; path = Base.lproj/Main.storyboard; sourceTree = "<group>"; };
		F09CF54C23F6394F00E6D312 /* Assets.xcassets */ = {isa = PBXFileReference; lastKnownFileType = folder.assetcatalog; path = Assets.xcassets; sourceTree = "<group>"; };
		F09CF54F23F6394F00E6D312 /* Base */ = {isa = PBXFileReference; lastKnownFileType = file.storyboard; name = Base; path = Base.lproj/LaunchScreen.storyboard; sourceTree = "<group>"; };
		F09CF55123F6394F00E6D312 /* Info.plist */ = {isa = PBXFileReference; lastKnownFileType = text.plist.xml; path = Info.plist; sourceTree = "<group>"; };
/* End PBXFileReference section */

/* Begin PBXFrameworksBuildPhase section */
		F09CF53D23F6394D00E6D312 /* Frameworks */ = {
			isa = PBXFrameworksBuildPhase;
			buildActionMask = 2147483647;
			files = (
			);
			runOnlyForDeploymentPostprocessing = 0;
		};
/* End PBXFrameworksBuildPhase section */

/* Begin PBXGroup section */
		F09CF53723F6394D00E6D312 = {
			isa = PBXGroup;
			children = (
				F09CF54223F6394D00E6D312 /* mvvmtest-bevis */,
				F09CF54123F6394D00E6D312 /* Products */,
			);
			sourceTree = "<group>";
		};
		F09CF54123F6394D00E6D312 /* Products */ = {
			isa = PBXGroup;
			children = (
				F09CF54023F6394D00E6D312 /* mvvmtest-bevis.app */,
			);
			name = Products;
			sourceTree = "<group>";
		};
		F09CF54223F6394D00E6D312 /* mvvmtest-bevis */ = {
			isa = PBXGroup;
			children = (
				F09CF54323F6394D00E6D312 /* AppDelegate.swift */,
				F09CF54523F6394D00E6D312 /* SceneDelegate.swift */,
				F09CF54723F6394D00E6D312 /* ViewController.swift */,
				F09CF54923F6394D00E6D312 /* Main.storyboard */,
				F09CF54C23F6394F00E6D312 /* Assets.xcassets */,
				F09CF54E23F6394F00E6D312 /* LaunchScreen.storyboard */,
				F09CF55123F6394F00E6D312 /* Info.plist */,
			);
			path = "mvvmtest-bevis";
			sourceTree = "<group>";
		};
/* End PBXGroup section */

/* Begin PBXNativeTarget section */
		F09CF53F23F6394D00E6D312 /* mvvmtest-bevis */ = {
			isa = PBXNativeTarget;
			buildConfigurationList = F09CF55423F6394F00E6D312 /* Build configuration list for PBXNativeTarget "mvvmtest-bevis" */;
			buildPhases = (
				F09CF53C23F6394D00E6D312 /* Sources */,
				F09CF53D23F6394D00E6D312 /* Frameworks */,
				F09CF53E23F6394D00E6D312 /* Resources */,
			);
			buildRules = (
			);
			dependencies = (
			);
			name = "mvvmtest-bevis";
			productName = "mvvmtest-bevis";
			productReference = F09CF54023F6394D00E6D312 /* mvvmtest-bevis.app */;
			productType = "com.apple.product-type.application";
		};
/* End PBXNativeTarget section */

/* Begin PBXProject section */
		F09CF53823F6394D00E6D312 /* Project object */ = {
			isa = PBXProject;
			attributes = {
				LastSwiftUpdateCheck = 1130;
				LastUpgradeCheck = 1130;
				ORGANIZATIONNAME = Digi96;
				TargetAttributes = {
					F09CF53F23F6394D00E6D312 = {
						CreatedOnToolsVersion = 11.3.1;
					};
				};
			};
			buildConfigurationList = F09CF53B23F6394D00E6D312 /* Build configuration list for PBXProject "mvvmtest-bevis" */;
			compatibilityVersion = "Xcode 9.3";
			developmentRegion = en;
			hasScannedForEncodings = 0;
			knownRegions = (
				en,
				Base,
			);
			mainGroup = F09CF53723F6394D00E6D312;
			productRefGroup = F09CF54123F6394D00E6D312 /* Products */;
			projectDirPath = "";
			projectRoot = "";
			targets = (
				F09CF53F23F6394D00E6D312 /* mvvmtest-bevis */,
			);
		};
/* End PBXProject section */

/* Begin PBXResourcesBuildPhase section */
		F09CF53E23F6394D00E6D312 /* Resources */ = {
			isa = PBXResourcesBuildPhase;
			buildActionMask = 2147483647;
			files = (
				F09CF55023F6394F00E6D312 /* LaunchScreen.storyboard in Resources */,
				F09CF54D23F6394F00E6D312 /* Assets.xcassets in Resources */,
				F09CF54B23F6394D00E6D312 /* Main.storyboard in Resources */,
			);
			runOnlyForDeploymentPostprocessing = 0;
		};
/* End PBXResourcesBuildPhase section */

/* Begin PBXSourcesBuildPhase section */
		F09CF53C23F6394D00E6D312 /* Sources */ = {
			isa = PBXSourcesBuildPhase;
			buildActionMask = 2147483647;
			files = (
				F09CF54823F6394D00E6D312 /* ViewController.swift in Sources */,
				F09CF54423F6394D00E6D312 /* AppDelegate.swift in Sources */,
				F09CF54623F6394D00E6D312 /* SceneDelegate.swift in Sources */,
			);
			runOnlyForDeploymentPostprocessing = 0;
		};
/* End PBXSourcesBuildPhase section */

/* Begin PBXVariantGroup section */
		F09CF54923F6394D00E6D312 /* Main.storyboard */ = {
			isa = PBXVariantGroup;
			children = (
				F09CF54A23F6394D00E6D312 /* Base */,
			);
			name = Main.storyboard;
			sourceTree = "<group>";
		};
		F09CF54E23F6394F00E6D312 /* LaunchScreen.storyboard */ = {
			isa = PBXVariantGroup;
			children = (
				F09CF54F23F6394F00E6D312 /* Base */,
			);
			name = LaunchScreen.storyboard;
			sourceTree = "<group>";
		};
/* End PBXVariantGroup section */

/* Begin XCBuildConfiguration section */
		F09CF55223F6394F00E6D312 /* Debug */ = {
			isa = XCBuildConfiguration;
			buildSettings = {
				ALWAYS_SEARCH_USER_PATHS = NO;
				CLANG_ANALYZER_NONNULL = YES;
				CLANG_ANALYZER_NUMBER_OBJECT_CONVERSION = YES_AGGRESSIVE;
				CLANG_CXX_LANGUAGE_STANDARD = "gnu++14";
				CLANG_CXX_LIBRARY = "libc++";
				CLANG_ENABLE_MODULES = YES;
				CLANG_ENABLE_OBJC_ARC = YES;
				CLANG_ENABLE_OBJC_WEAK = YES;
				CLANG_WARN_BLOCK_CAPTURE_AUTORELEASING = YES;
				CLANG_WARN_BOOL_CONVERSION = YES;
				CLANG_WARN_COMMA = YES;
				CLANG_WARN_CONSTANT_CONVERSION = YES;
				CLANG_WARN_DEPRECATED_OBJC_IMPLEMENTATIONS = YES;
				CLANG_WARN_DIRECT_OBJC_ISA_USAGE = YES_ERROR;
				CLANG_WARN_DOCUMENTATION_COMMENTS = YES;
				CLANG_WARN_EMPTY_BODY = YES;
				CLANG_WARN_ENUM_CONVERSION = YES;
				CLANG_WARN_INFINITE_RECURSION = YES;
				CLANG_WARN_INT_CONVERSION = YES;
				CLANG_WARN_NON_LITERAL_NULL_CONVERSION = YES;
				CLANG_WARN_OBJC_IMPLICIT_RETAIN_SELF = YES;
				CLANG_WARN_OBJC_LITERAL_CONVERSION = YES;
				CLANG_WARN_OBJC_ROOT_CLASS = YES_ERROR;
				CLANG_WARN_RANGE_LOOP_ANALYSIS = YES;
				CLANG_WARN_STRICT_PROTOTYPES = YES;
				CLANG_WARN_SUSPICIOUS_MOVE = YES;
				CLANG_WARN_UNGUARDED_AVAILABILITY = YES_AGGRESSIVE;
				CLANG_WARN_UNREACHABLE_CODE = YES;
				CLANG_WARN__DUPLICATE_METHOD_MATCH = YES;
				COPY_PHASE_STRIP = NO;
				DEBUG_INFORMATION_FORMAT = dwarf;
				ENABLE_STRICT_OBJC_MSGSEND = YES;
				ENABLE_TESTABILITY = YES;
				GCC_C_LANGUAGE_STANDARD = gnu11;
				GCC_DYNAMIC_NO_PIC = NO;
				GCC_NO_COMMON_BLOCKS = YES;
				GCC_OPTIMIZATION_LEVEL = 0;
				GCC_PREPROCESSOR_DEFINITIONS = (
					"DEBUG=1",
					"$(inherited)",
				);
				GCC_WARN_64_TO_32_BIT_CONVERSION = YES;
				GCC_WARN_ABOUT_RETURN_TYPE = YES_ERROR;
				GCC_WARN_UNDECLARED_SELECTOR = YES;
				GCC_WARN_UNINITIALIZED_AUTOS = YES_AGGRESSIVE;
				GCC_WARN_UNUSED_FUNCTION = YES;
				GCC_WARN_UNUSED_VARIABLE = YES;
				IPHONEOS_DEPLOYMENT_TARGET = 13.2;
				MTL_ENABLE_DEBUG_INFO = INCLUDE_SOURCE;
				MTL_FAST_MATH = YES;
				ONLY_ACTIVE_ARCH = YES;
				SDKROOT = iphoneos;
				SWIFT_ACTIVE_COMPILATION_CONDITIONS = DEBUG;
				SWIFT_OPTIMIZATION_LEVEL = "-Onone";
			};
			name = Debug;
		};
		F09CF55323F6394F00E6D312 /* Release */ = {
			isa = XCBuildConfiguration;
			buildSettings = {
				ALWAYS_SEARCH_USER_PATHS = NO;
				CLANG_ANALYZER_NONNULL = YES;
				CLANG_ANALYZER_NUMBER_OBJECT_CONVERSION = YES_AGGRESSIVE;
				CLANG_CXX_LANGUAGE_STANDARD = "gnu++14";
				CLANG_CXX_LIBRARY = "libc++";
				CLANG_ENABLE_MODULES = YES;
				CLANG_ENABLE_OBJC_ARC = YES;
				CLANG_ENABLE_OBJC_WEAK = YES;
				CLANG_WARN_BLOCK_CAPTURE_AUTORELEASING = YES;
				CLANG_WARN_BOOL_CONVERSION = YES;
				CLANG_WARN_COMMA = YES;
				CLANG_WARN_CONSTANT_CONVERSION = YES;
				CLANG_WARN_DEPRECATED_OBJC_IMPLEMENTATIONS = YES;
				CLANG_WARN_DIRECT_OBJC_ISA_USAGE = YES_ERROR;
				CLANG_WARN_DOCUMENTATION_COMMENTS = YES;
				CLANG_WARN_EMPTY_BODY = YES;
				CLANG_WARN_ENUM_CONVERSION = YES;
				CLANG_WARN_INFINITE_RECURSION = YES;
				CLANG_WARN_INT_CONVERSION = YES;
				CLANG_WARN_NON_LITERAL_NULL_CONVERSION = YES;
				CLANG_WARN_OBJC_IMPLICIT_RETAIN_SELF = YES;
				CLANG_WARN_OBJC_LITERAL_CONVERSION = YES;
				CLANG_WARN_OBJC_ROOT_CLASS = YES_ERROR;
				CLANG_WARN_RANGE_LOOP_ANALYSIS = YES;
				CLANG_WARN_STRICT_PROTOTYPES = YES;
				CLANG_WARN_SUSPICIOUS_MOVE = YES;
				CLANG_WARN_UNGUARDED_AVAILABILITY = YES_AGGRESSIVE;
				CLANG_WARN_UNREACHABLE_CODE = YES;
				CLANG_WARN__DUPLICATE_METHOD_MATCH = YES;
				COPY_PHASE_STRIP = NO;
				DEBUG_INFORMATION_FORMAT = "dwarf-with-dsym";
				ENABLE_NS_ASSERTIONS = NO;
				ENABLE_STRICT_OBJC_MSGSEND = YES;
				GCC_C_LANGUAGE_STANDARD = gnu11;
				GCC_NO_COMMON_BLOCKS = YES;
				GCC_WARN_64_TO_32_BIT_CONVERSION = YES;
				GCC_WARN_ABOUT_RETURN_TYPE = YES_ERROR;
				GCC_WARN_UNDECLARED_SELECTOR = YES;
				GCC_WARN_UNINITIALIZED_AUTOS = YES_AGGRESSIVE;
				GCC_WARN_UNUSED_FUNCTION = YES;
				GCC_WARN_UNUSED_VARIABLE = YES;
				IPHONEOS_DEPLOYMENT_TARGET = 13.2;
				MTL_ENABLE_DEBUG_INFO = NO;
				MTL_FAST_MATH = YES;
				SDKROOT = iphoneos;
				SWIFT_COMPILATION_MODE = wholemodule;
				SWIFT_OPTIMIZATION_LEVEL = "-O";
				VALIDATE_PRODUCT = YES;
			};
			name = Release;
		};
		F09CF55523F6394F00E6D312 /* Debug */ = {
			isa = XCBuildConfiguration;
			buildSettings = {
				ASSETCATALOG_COMPILER_APPICON_NAME = AppIcon;
				CODE_SIGN_STYLE = Automatic;
				DEVELOPMENT_TEAM = 8WU3QJUCGS;
				INFOPLIST_FILE = "mvvmtest-bevis/Info.plist";
				LD_RUNPATH_SEARCH_PATHS = (
					"$(inherited)",
					"@executable_path/Frameworks",
				);
				PRODUCT_BUNDLE_IDENTIFIER = "dig96.com.mvvmtest-bevis";
				PRODUCT_NAME = "$(TARGET_NAME)";
				SWIFT_VERSION = 5.0;
				TARGETED_DEVICE_FAMILY = "1,2";
			};
			name = Debug;
		};
		F09CF55623F6394F00E6D312 /* Release */ = {
			isa = XCBuildConfiguration;
			buildSettings = {
				ASSETCATALOG_COMPILER_APPICON_NAME = AppIcon;
				CODE_SIGN_STYLE = Automatic;
				DEVELOPMENT_TEAM = 8WU3QJUCGS;
				INFOPLIST_FILE = "mvvmtest-bevis/Info.plist";
				LD_RUNPATH_SEARCH_PATHS = (
					"$(inherited)",
					"@executable_path/Frameworks",
				);
				PRODUCT_BUNDLE_IDENTIFIER = "dig96.com.mvvmtest-bevis";
				PRODUCT_NAME = "$(TARGET_NAME)";
				SWIFT_VERSION = 5.0;
				TARGETED_DEVICE_FAMILY = "1,2";
			};
			name = Release;
		};
/* End XCBuildConfiguration section */

/* Begin XCConfigurationList section */
		F09CF53B23F6394D00E6D312 /* Build configuration list for PBXProject "mvvmtest-bevis" */ = {
			isa = XCConfigurationList;
			buildConfigurations = (
				F09CF55223F6394F00E6D312 /* Debug */,
				F09CF55323F6394F00E6D312 /* Release */,
			);
			defaultConfigurationIsVisible = 0;
			defaultConfigurationName = Release;
		};
		F09CF55423F6394F00E6D312 /* Build configuration list for PBXNativeTarget "mvvmtest-bevis" */ = {
			isa = XCConfigurationList;
			buildConfigurations = (
				F09CF55523F6394F00E6D312 /* Debug */,
				F09CF55623F6394F00E6D312 /* Release */,
			);
			defaultConfigurationIsVisible = 0;
			defaultConfigurationName = Release;
		};
/* End XCConfigurationList section */
	};
	rootObject = F09CF53823F6394D00E6D312 /* Project object */;
}
